
Microsoft Visual Studio Solution File, Format Version 12.00
# Visual Studio 15
VisualStudioVersion = 15.0.27130.2026
MinimumVisualStudioVersion = 10.0.40219.1
Project("{8BC9CEB8-8B4A-11D0-8D11-00A0C91BC942}") = "C++Project2", "C++Project2\C++Project2.vcxproj", "{24BF2038-1865-47FA-B01B-3382169D62BC}"
EndProject
Global
	GlobalSection(SolutionConfigurationPlatforms) = preSolution
		Debug|x64 = Debug|x64
		Debug|x86 = Debug|x86
		Release|x64 = Release|x64
		Release|x86 = Release|x86
	EndGlobalSection
	GlobalSection(ProjectConfigurationPlatforms) = postSolution
		{24BF2038-1865-47FA-B01B-3382169D62BC}.Debug|x64.ActiveCfg = Debug|x64
		{24BF2038-1865-47FA-B01B-3382169D62BC}.Debug|x64.Build.0 = Debug|x64
		{24BF2038-1865-47FA-B01B-3382169D62BC}.Debug|x86.ActiveCfg = Debug|Win32
		{24BF2038-1865-47FA-B01B-3382169D62BC}.Debug|x86.Build.0 = Debug|Win32
		{24BF2038-1865-47FA-B01B-3382169D62BC}.Release|x64.ActiveCfg = Release|x64
		{24BF2038-1865-47FA-B01B-3382169D62BC}.Release|x64.Build.0 = Release|x64
		{24BF2038-1865-47FA-B01B-3382169D62BC}.Release|x86.ActiveCfg = Release|Win32
		{24BF2038-1865-47FA-B01B-3382169D62BC}.Release|x86.Build.0 = Release|Win32
	EndGlobalSection
	GlobalSection(SolutionProperties) = preSolution
		HideSolutionNode = FALSE
	EndGlobalSection
	GlobalSection(ExtensibilityGlobals) = postSolution
		SolutionGuid = {4C5626DB-0307-4D4E-8AC2-9E50D7B3C25D}
	EndGlobalSection
EndGlobal
